// !$*UTF8*$!
{
	archiveVersion = 1;
	classes = {
	};
	objectVersion = 77;
	objects = {

/* Begin PBXContainerItemProxy section */
		8E984D6F2D62CB7A002CEB1E /* PBXContainerItemProxy */ = {
			isa = PBXContainerItemProxy;
			containerPortal = 8E984D562D62CB79002CEB1E /* Project object */;
			proxyType = 1;
			remoteGlobalIDString = 8E984D5D2D62CB79002CEB1E;
			remoteInfo = wx;
		};
		8E984D792D62CB7A002CEB1E /* PBXContainerItemProxy */ = {
			isa = PBXContainerItemProxy;
			containerPortal = 8E984D562D62CB79002CEB1E /* Project object */;
			proxyType = 1;
			remoteGlobalIDString = 8E984D5D2D62CB79002CEB1E;
			remoteInfo = wx;
		};
/* End PBXContainerItemProxy section */

/* Begin PBXFileReference section */
		8E984D5E2D62CB79002CEB1E /* wx.app */ = {isa = PBXFileReference; explicitFileType = wrapper.application; includeInIndex = 0; path = wx.app; sourceTree = BUILT_PRODUCTS_DIR; };
		8E984D6E2D62CB7A002CEB1E /* wxTests.xctest */ = {isa = PBXFileReference; explicitFileType = wrapper.cfbundle; includeInIndex = 0; path = wxTests.xctest; sourceTree = BUILT_PRODUCTS_DIR; };
		8E984D782D62CB7A002CEB1E /* wxUITests.xctest */ = {isa = PBXFileReference; explicitFileType = wrapper.cfbundle; includeInIndex = 0; path = wxUITests.xctest; sourceTree = BUILT_PRODUCTS_DIR; };
/* End PBXFileReference section */

/* Begin PBXFileSystemSynchronizedRootGroup section */
		8E984D602D62CB79002CEB1E /* wx */ = {
			isa = PBXFileSystemSynchronizedRootGroup;
			path = wx;
			sourceTree = "<group>";
		};
		8E984D712D62CB7A002CEB1E /* wxTests */ = {
			isa = PBXFileSystemSynchronizedRootGroup;
			path = wxTests;
			sourceTree = "<group>";
		};
		8E984D7B2D62CB7A002CEB1E /* wxUITests */ = {
			isa = PBXFileSystemSynchronizedRootGroup;
			path = wxUITests;
			sourceTree = "<group>";
		};
/* End PBXFileSystemSynchronizedRootGroup section */

/* Begin PBXFrameworksBuildPhase section */
		8E984D5B2D62CB79002CEB1E /* Frameworks */ = {
			isa = PBXFrameworksBuildPhase;
			buildActionMask = 2147483647;
			files = (
			);
			runOnlyForDeploymentPostprocessing = 0;
		};
		8E984D6B2D62CB7A002CEB1E /* Frameworks */ = {
			isa = PBXFrameworksBuildPhase;
			buildActionMask = 2147483647;
			files = (
			);
			runOnlyForDeploymentPostprocessing = 0;
		};
		8E984D752D62CB7A002CEB1E /* Frameworks */ = {
			isa = PBXFrameworksBuildPhase;
			buildActionMask = 2147483647;
			files = (
			);
			runOnlyForDeploymentPostprocessing = 0;
		};
/* End PBXFrameworksBuildPhase section */

/* Begin PBXGroup section */
		8E984D552D62CB79002CEB1E = {
			isa = PBXGroup;
			children = (
				8E984D602D62CB79002CEB1E /* wx */,
				8E984D712D62CB7A002CEB1E /* wxTests */,
				8E984D7B2D62CB7A002CEB1E /* wxUITests */,
				8E984D5F2D62CB79002CEB1E /* Products */,
			);
			sourceTree = "<group>";
		};
		8E984D5F2D62CB79002CEB1E /* Products */ = {
			isa = PBXGroup;
			children = (
				8E984D5E2D62CB79002CEB1E /* wx.app */,
				8E984D6E2D62CB7A002CEB1E /* wxTests.xctest */,
				8E984D782D62CB7A002CEB1E /* wxUITests.xctest */,
			);
			name = Products;
			sourceTree = "<group>";
		};
/* End PBXGroup section */

/* Begin PBXNativeTarget section */
		8E984D5D2D62CB79002CEB1E /* wx */ = {
			isa = PBXNativeTarget;
			buildConfigurationList = 8E984D822D62CB7A002CEB1E /* Build configuration list for PBXNativeTarget "wx" */;
			buildPhases = (
				8E984D5A2D62CB79002CEB1E /* Sources */,
				8E984D5B2D62CB79002CEB1E /* Frameworks */,
				8E984D5C2D62CB79002CEB1E /* Resources */,
			);
			buildRules = (
			);
			dependencies = (
			);
			fileSystemSynchronizedGroups = (
				8E984D602D62CB79002CEB1E /* wx */,
			);
			name = wx;
			packageProductDependencies = (
			);
			productName = wx;
			productReference = 8E984D5E2D62CB79002CEB1E /* wx.app */;
			productType = "com.apple.product-type.application";
		};
		8E984D6D2D62CB7A002CEB1E /* wxTests */ = {
			isa = PBXNativeTarget;
			buildConfigurationList = 8E984D852D62CB7A002CEB1E /* Build configuration list for PBXNativeTarget "wxTests" */;
			buildPhases = (
				8E984D6A2D62CB7A002CEB1E /* Sources */,
				8E984D6B2D62CB7A002CEB1E /* Frameworks */,
				8E984D6C2D62CB7A002CEB1E /* Resources */,
			);
			buildRules = (
			);
			dependencies = (
				8E984D702D62CB7A002CEB1E /* PBXTargetDependency */,
			);
			fileSystemSynchronizedGroups = (
				8E984D712D62CB7A002CEB1E /* wxTests */,
			);
			name = wxTests;
			packageProductDependencies = (
			);
			productName = wxTests;
			productReference = 8E984D6E2D62CB7A002CEB1E /* wxTests.xctest */;
			productType = "com.apple.product-type.bundle.unit-test";
		};
		8E984D772D62CB7A002CEB1E /* wxUITests */ = {
			isa = PBXNativeTarget;
			buildConfigurationList = 8E984D882D62CB7A002CEB1E /* Build configuration list for PBXNativeTarget "wxUITests" */;
			buildPhases = (
				8E984D742D62CB7A002CEB1E /* Sources */,
				8E984D752D62CB7A002CEB1E /* Frameworks */,
				8E984D762D62CB7A002CEB1E /* Resources */,
			);
			buildRules = (
			);
			dependencies = (
				8E984D7A2D62CB7A002CEB1E /* PBXTargetDependency */,
			);
			fileSystemSynchronizedGroups = (
				8E984D7B2D62CB7A002CEB1E /* wxUITests */,
			);
			name = wxUITests;
			packageProductDependencies = (
			);
			productName = wxUITests;
			productReference = 8E984D782D62CB7A002CEB1E /* wxUITests.xctest */;
			productType = "com.apple.product-type.bundle.ui-testing";
		};
/* End PBXNativeTarget section */

/* Begin PBXProject section */
		8E984D562D62CB79002CEB1E /* Project object */ = {
			isa = PBXProject;
			attributes = {
				BuildIndependentTargetsInParallel = 1;
				LastSwiftUpdateCheck = 1620;
				LastUpgradeCheck = 1620;
				TargetAttributes = {
					8E984D5D2D62CB79002CEB1E = {
						CreatedOnToolsVersion = 16.2;
					};
					8E984D6D2D62CB7A002CEB1E = {
						CreatedOnToolsVersion = 16.2;
						TestTargetID = 8E984D5D2D62CB79002CEB1E;
					};
					8E984D772D62CB7A002CEB1E = {
						CreatedOnToolsVersion = 16.2;
						TestTargetID = 8E984D5D2D62CB79002CEB1E;
					};
				};
			};
			buildConfigurationList = 8E984D592D62CB79002CEB1E /* Build configuration list for PBXProject "wx" */;
			developmentRegion = en;
			hasScannedForEncodings = 0;
			knownRegions = (
				en,
				Base,
			);
			mainGroup = 8E984D552D62CB79002CEB1E;
			minimizedProjectReferenceProxies = 1;
			preferredProjectObjectVersion = 77;
			productRefGroup = 8E984D5F2D62CB79002CEB1E /* Products */;
			projectDirPath = "";
			projectRoot = "";
			targets = (
				8E984D5D2D62CB79002CEB1E /* wx */,
				8E984D6D2D62CB7A002CEB1E /* wxTests */,
				8E984D772D62CB7A002CEB1E /* wxUITests */,
			);
		};
/* End PBXProject section */

/* Begin PBXResourcesBuildPhase section */
		8E984D5C2D62CB79002CEB1E /* Resources */ = {
			isa = PBXResourcesBuildPhase;
			buildActionMask = 2147483647;
			files = (
			);
			runOnlyForDeploymentPostprocessing = 0;
		};
		8E984D6C2D62CB7A002CEB1E /* Resources */ = {
			isa = PBXResourcesBuildPhase;
			buildActionMask = 2147483647;
			files = (
			);
			runOnlyForDeploymentPostprocessing = 0;
		};
		8E984D762D62CB7A002CEB1E /* Resources */ = {
			isa = PBXResourcesBuildPhase;
			buildActionMask = 2147483647;
			files = (
			);
			runOnlyForDeploymentPostprocessing = 0;
		};
/* End PBXResourcesBuildPhase section */

/* Begin PBXSourcesBuildPhase section */
		8E984D5A2D62CB79002CEB1E /* Sources */ = {
			isa = PBXSourcesBuildPhase;
			buildActionMask = 2147483647;
			files = (
			);
			runOnlyForDeploymentPostprocessing = 0;
		};
		8E984D6A2D62CB7A002CEB1E /* Sources */ = {
			isa = PBXSourcesBuildPhase;
			buildActionMask = 2147483647;
			files = (
			);
			runOnlyForDeploymentPostprocessing = 0;
		};
		8E984D742D62CB7A002CEB1E /* Sources */ = {
			isa = PBXSourcesBuildPhase;
			buildActionMask = 2147483647;
			files = (
			);
			runOnlyForDeploymentPostprocessing = 0;
		};
/* End PBXSourcesBuildPhase section */

/* Begin PBXTargetDependency section */
		8E984D702D62CB7A002CEB1E /* PBXTargetDependency */ = {
			isa = PBXTargetDependency;
			target = 8E984D5D2D62CB79002CEB1E /* wx */;
			targetProxy = 8E984D6F2D62CB7A002CEB1E /* PBXContainerItemProxy */;
		};
		8E984D7A2D62CB7A002CEB1E /* PBXTargetDependency */ = {
			isa = PBXTargetDependency;
			target = 8E984D5D2D62CB79002CEB1E /* wx */;
			targetProxy = 8E984D792D62CB7A002CEB1E /* PBXContainerItemProxy */;
		};
/* End PBXTargetDependency section */

/* Begin XCBuildConfiguration section */
		8E984D802D62CB7A002CEB1E /* Debug */ = {
			isa = XCBuildConfiguration;
			buildSettings = {
				ALWAYS_SEARCH_USER_PATHS = NO;
				ASSETCATALOG_COMPILER_GENERATE_SWIFT_ASSET_SYMBOL_EXTENSIONS = YES;
				CLANG_ANALYZER_NONNULL = YES;
				CLANG_ANALYZER_NUMBER_OBJECT_CONVERSION = YES_AGGRESSIVE;
				CLANG_CXX_LANGUAGE_STANDARD = "gnu++20";
				CLANG_ENABLE_MODULES = YES;
				CLANG_ENABLE_OBJC_ARC = YES;
				CLANG_ENABLE_OBJC_WEAK = YES;
				CLANG_WARN_BLOCK_CAPTURE_AUTORELEASING = YES;
				CLANG_WARN_BOOL_CONVERSION = YES;
				CLANG_WARN_COMMA = YES;
				CLANG_WARN_CONSTANT_CONVERSION = YES;
				CLANG_WARN_DEPRECATED_OBJC_IMPLEMENTATIONS = YES;
				CLANG_WARN_DIRECT_OBJC_ISA_USAGE = YES_ERROR;
				CLANG_WARN_DOCUMENTATION_COMMENTS = YES;
				CLANG_WARN_EMPTY_BODY = YES;
				CLANG_WARN_ENUM_CONVERSION = YES;
				CLANG_WARN_INFINITE_RECURSION = YES;
				CLANG_WARN_INT_CONVERSION = YES;
				CLANG_WARN_NON_LITERAL_NULL_CONVERSION = YES;
				CLANG_WARN_OBJC_IMPLICIT_RETAIN_SELF = YES;
				CLANG_WARN_OBJC_LITERAL_CONVERSION = YES;
				CLANG_WARN_OBJC_ROOT_CLASS = YES_ERROR;
				CLANG_WARN_QUOTED_INCLUDE_IN_FRAMEWORK_HEADER = YES;
				CLANG_WARN_RANGE_LOOP_ANALYSIS = YES;
				CLANG_WARN_STRICT_PROTOTYPES = YES;
				CLANG_WARN_SUSPICIOUS_MOVE = YES;
				CLANG_WARN_UNGUARDED_AVAILABILITY = YES_AGGRESSIVE;
				CLANG_WARN_UNREACHABLE_CODE = YES;
				CLANG_WARN__DUPLICATE_METHOD_MATCH = YES;
				COPY_PHASE_STRIP = NO;
				DEBUG_INFORMATION_FORMAT = dwarf;
				ENABLE_STRICT_OBJC_MSGSEND = YES;
				ENABLE_TESTABILITY = YES;
				ENABLE_USER_SCRIPT_SANDBOXING = YES;
				GCC_C_LANGUAGE_STANDARD = gnu17;
				GCC_DYNAMIC_NO_PIC = NO;
				GCC_NO_COMMON_BLOCKS = YES;
				GCC_OPTIMIZATION_LEVEL = 0;
				GCC_PREPROCESSOR_DEFINITIONS = (
					"DEBUG=1",
					"$(inherited)",
				);
				GCC_WARN_64_TO_32_BIT_CONVERSION = YES;
				GCC_WARN_ABOUT_RETURN_TYPE = YES_ERROR;
				GCC_WARN_UNDECLARED_SELECTOR = YES;
				GCC_WARN_UNINITIALIZED_AUTOS = YES_AGGRESSIVE;
				GCC_WARN_UNUSED_FUNCTION = YES;
				GCC_WARN_UNUSED_VARIABLE = YES;
				IPHONEOS_DEPLOYMENT_TARGET = 18.2;
				LOCALIZATION_PREFERS_STRING_CATALOGS = YES;
				MTL_ENABLE_DEBUG_INFO = INCLUDE_SOURCE;
				MTL_FAST_MATH = YES;
				ONLY_ACTIVE_ARCH = YES;
				SDKROOT = iphoneos;
				SWIFT_ACTIVE_COMPILATION_CONDITIONS = "DEBUG $(inherited)";
				SWIFT_OPTIMIZATION_LEVEL = "-Onone";
			};
			name = Debug;
		};
		8E984D812D62CB7A002CEB1E /* Release */ = {
			isa = XCBuildConfiguration;
			buildSettings = {
				ALWAYS_SEARCH_USER_PATHS = NO;
				ASSETCATALOG_COMPILER_GENERATE_SWIFT_ASSET_SYMBOL_EXTENSIONS = YES;
				CLANG_ANALYZER_NONNULL = YES;
				CLANG_ANALYZER_NUMBER_OBJECT_CONVERSION = YES_AGGRESSIVE;
				CLANG_CXX_LANGUAGE_STANDARD = "gnu++20";
				CLANG_ENABLE_MODULES = YES;
				CLANG_ENABLE_OBJC_ARC = YES;
				CLANG_ENABLE_OBJC_WEAK = YES;
				CLANG_WARN_BLOCK_CAPTURE_AUTORELEASING = YES;
				CLANG_WARN_BOOL_CONVERSION = YES;
				CLANG_WARN_COMMA = YES;
				CLANG_WARN_CONSTANT_CONVERSION = YES;
				CLANG_WARN_DEPRECATED_OBJC_IMPLEMENTATIONS = YES;
				CLANG_WARN_DIRECT_OBJC_ISA_USAGE = YES_ERROR;
				CLANG_WARN_DOCUMENTATION_COMMENTS = YES;
				CLANG_WARN_EMPTY_BODY = YES;
				CLANG_WARN_ENUM_CONVERSION = YES;
				CLANG_WARN_INFINITE_RECURSION = YES;
				CLANG_WARN_INT_CONVERSION = YES;
				CLANG_WARN_NON_LITERAL_NULL_CONVERSION = YES;
				CLANG_WARN_OBJC_IMPLICIT_RETAIN_SELF = YES;
				CLANG_WARN_OBJC_LITERAL_CONVERSION = YES;
				CLANG_WARN_OBJC_ROOT_CLASS = YES_ERROR;
				CLANG_WARN_QUOTED_INCLUDE_IN_FRAMEWORK_HEADER = YES;
				CLANG_WARN_RANGE_LOOP_ANALYSIS = YES;
				CLANG_WARN_STRICT_PROTOTYPES = YES;
				CLANG_WARN_SUSPICIOUS_MOVE = YES;
				CLANG_WARN_UNGUARDED_AVAILABILITY = YES_AGGRESSIVE;
				CLANG_WARN_UNREACHABLE_CODE = YES;
				CLANG_WARN__DUPLICATE_METHOD_MATCH = YES;
				COPY_PHASE_STRIP = NO;
				DEBUG_INFORMATION_FORMAT = "dwarf-with-dsym";
				ENABLE_NS_ASSERTIONS = NO;
				ENABLE_STRICT_OBJC_MSGSEND = YES;
				ENABLE_USER_SCRIPT_SANDBOXING = YES;
				GCC_C_LANGUAGE_STANDARD = gnu17;
				GCC_NO_COMMON_BLOCKS = YES;
				GCC_WARN_64_TO_32_BIT_CONVERSION = YES;
				GCC_WARN_ABOUT_RETURN_TYPE = YES_ERROR;
				GCC_WARN_UNDECLARED_SELECTOR = YES;
				GCC_WARN_UNINITIALIZED_AUTOS = YES_AGGRESSIVE;
				GCC_WARN_UNUSED_FUNCTION = YES;
				GCC_WARN_UNUSED_VARIABLE = YES;
				IPHONEOS_DEPLOYMENT_TARGET = 18.2;
				LOCALIZATION_PREFERS_STRING_CATALOGS = YES;
				MTL_ENABLE_DEBUG_INFO = NO;
				MTL_FAST_MATH = YES;
				SDKROOT = iphoneos;
				SWIFT_COMPILATION_MODE = wholemodule;
				VALIDATE_PRODUCT = YES;
			};
			name = Release;
		};
		8E984D832D62CB7A002CEB1E /* Debug */ = {
			isa = XCBuildConfiguration;
			buildSettings = {
				ASSETCATALOG_COMPILER_APPICON_NAME = AppIcon;
				ASSETCATALOG_COMPILER_GLOBAL_ACCENT_COLOR_NAME = AccentColor;
				CODE_SIGN_STYLE = Automatic;
				CURRENT_PROJECT_VERSION = 1;
				DEVELOPMENT_ASSET_PATHS = "\"wx/Preview Content\"";
				ENABLE_PREVIEWS = YES;
				GENERATE_INFOPLIST_FILE = YES;
				INFOPLIST_KEY_UIApplicationSceneManifest_Generation = YES;
				INFOPLIST_KEY_UIApplicationSupportsIndirectInputEvents = YES;
				INFOPLIST_KEY_UILaunchScreen_Generation = YES;
				INFOPLIST_KEY_UISupportedInterfaceOrientations_iPad = "UIInterfaceOrientationPortrait UIInterfaceOrientationPortraitUpsideDown UIInterfaceOrientationLandscapeLeft UIInterfaceOrientationLandscapeRight";
				INFOPLIST_KEY_UISupportedInterfaceOrientations_iPhone = "UIInterfaceOrientationPortrait UIInterfaceOrientationLandscapeLeft UIInterfaceOrientationLandscapeRight";
				LD_RUNPATH_SEARCH_PATHS = (
					"$(inherited)",
					"@executable_path/Frameworks",
				);
				MARKETING_VERSION = 1.0;
				PRODUCT_BUNDLE_IDENTIFIER = com.colorbro.wx;
				PRODUCT_NAME = "$(TARGET_NAME)";
				SWIFT_EMIT_LOC_STRINGS = YES;
				SWIFT_VERSION = 5.0;
				TARGETED_DEVICE_FAMILY = "1,2";
			};
			name = Debug;
		};
		8E984D842D62CB7A002CEB1E /* Release */ = {
			isa = XCBuildConfiguration;
			buildSettings = {
				ASSETCATALOG_COMPILER_APPICON_NAME = AppIcon;
				ASSETCATALOG_COMPILER_GLOBAL_ACCENT_COLOR_NAME = AccentColor;
				CODE_SIGN_STYLE = Automatic;
				CURRENT_PROJECT_VERSION = 1;
				DEVELOPMENT_ASSET_PATHS = "\"wx/Preview Content\"";
				ENABLE_PREVIEWS = YES;
				GENERATE_INFOPLIST_FILE = YES;
				INFOPLIST_KEY_UIApplicationSceneManifest_Generation = YES;
				INFOPLIST_KEY_UIApplicationSupportsIndirectInputEvents = YES;
				INFOPLIST_KEY_UILaunchScreen_Generation = YES;
				INFOPLIST_KEY_UISupportedInterfaceOrientations_iPad = "UIInterfaceOrientationPortrait UIInterfaceOrientationPortraitUpsideDown UIInterfaceOrientationLandscapeLeft UIInterfaceOrientationLandscapeRight";
				INFOPLIST_KEY_UISupportedInterfaceOrientations_iPhone = "UIInterfaceOrientationPortrait UIInterfaceOrientationLandscapeLeft UIInterfaceOrientationLandscapeRight";
				LD_RUNPATH_SEARCH_PATHS = (
					"$(inherited)",
					"@executable_path/Frameworks",
				);
				MARKETING_VERSION = 1.0;
				PRODUCT_BUNDLE_IDENTIFIER = com.colorbro.wx;
				PRODUCT_NAME = "$(TARGET_NAME)";
				SWIFT_EMIT_LOC_STRINGS = YES;
				SWIFT_VERSION = 5.0;
				TARGETED_DEVICE_FAMILY = "1,2";
			};
			name = Release;
		};
		8E984D862D62CB7A002CEB1E /* Debug */ = {
			isa = XCBuildConfiguration;
			buildSettings = {
				BUNDLE_LOADER = "$(TEST_HOST)";
				CODE_SIGN_STYLE = Automatic;
				CURRENT_PROJECT_VERSION = 1;
				GENERATE_INFOPLIST_FILE = YES;
				IPHONEOS_DEPLOYMENT_TARGET = 18.2;
				MARKETING_VERSION = 1.0;
				PRODUCT_BUNDLE_IDENTIFIER = com.colorbro.wxTests;
				PRODUCT_NAME = "$(TARGET_NAME)";
				SWIFT_EMIT_LOC_STRINGS = NO;
				SWIFT_VERSION = 5.0;
				TARGETED_DEVICE_FAMILY = "1,2";
				TEST_HOST = "$(BUILT_PRODUCTS_DIR)/wx.app/$(BUNDLE_EXECUTABLE_FOLDER_PATH)/wx";
			};
			name = Debug;
		};
		8E984D872D62CB7A002CEB1E /* Release */ = {
			isa = XCBuildConfiguration;
			buildSettings = {
				BUNDLE_LOADER = "$(TEST_HOST)";
				CODE_SIGN_STYLE = Automatic;
				CURRENT_PROJECT_VERSION = 1;
				GENERATE_INFOPLIST_FILE = YES;
				IPHONEOS_DEPLOYMENT_TARGET = 18.2;
				MARKETING_VERSION = 1.0;
				PRODUCT_BUNDLE_IDENTIFIER = com.colorbro.wxTests;
				PRODUCT_NAME = "$(TARGET_NAME)";
				SWIFT_EMIT_LOC_STRINGS = NO;
				SWIFT_VERSION = 5.0;
				TARGETED_DEVICE_FAMILY = "1,2";
				TEST_HOST = "$(BUILT_PRODUCTS_DIR)/wx.app/$(BUNDLE_EXECUTABLE_FOLDER_PATH)/wx";
			};
			name = Release;
		};
		8E984D892D62CB7A002CEB1E /* Debug */ = {
			isa = XCBuildConfiguration;
			buildSettings = {
				CODE_SIGN_STYLE = Automatic;
				CURRENT_PROJECT_VERSION = 1;
				GENERATE_INFOPLIST_FILE = YES;
				MARKETING_VERSION = 1.0;
				PRODUCT_BUNDLE_IDENTIFIER = com.colorbro.wxUITests;
				PRODUCT_NAME = "$(TARGET_NAME)";
				SWIFT_EMIT_LOC_STRINGS = NO;
				SWIFT_VERSION = 5.0;
				TARGETED_DEVICE_FAMILY = "1,2";
				TEST_TARGET_NAME = wx;
			};
			name = Debug;
		};
		8E984D8A2D62CB7A002CEB1E /* Release */ = {
			isa = XCBuildConfiguration;
			buildSettings = {
				CODE_SIGN_STYLE = Automatic;
				CURRENT_PROJECT_VERSION = 1;
				GENERATE_INFOPLIST_FILE = YES;
				MARKETING_VERSION = 1.0;
				PRODUCT_BUNDLE_IDENTIFIER = com.colorbro.wxUITests;
				PRODUCT_NAME = "$(TARGET_NAME)";
				SWIFT_EMIT_LOC_STRINGS = NO;
				SWIFT_VERSION = 5.0;
				TARGETED_DEVICE_FAMILY = "1,2";
				TEST_TARGET_NAME = wx;
			};
			name = Release;
		};
/* End XCBuildConfiguration section */

/* Begin XCConfigurationList section */
		8E984D592D62CB79002CEB1E /* Build configuration list for PBXProject "wx" */ = {
			isa = XCConfigurationList;
			buildConfigurations = (
				8E984D802D62CB7A002CEB1E /* Debug */,
				8E984D812D62CB7A002CEB1E /* Release */,
			);
			defaultConfigurationIsVisible = 0;
			defaultConfigurationName = Release;
		};
		8E984D822D62CB7A002CEB1E /* Build configuration list for PBXNativeTarget "wx" */ = {
			isa = XCConfigurationList;
			buildConfigurations = (
				8E984D832D62CB7A002CEB1E /* Debug */,
				8E984D842D62CB7A002CEB1E /* Release */,
			);
			defaultConfigurationIsVisible = 0;
			defaultConfigurationName = Release;
		};
		8E984D852D62CB7A002CEB1E /* Build configuration list for PBXNativeTarget "wxTests" */ = {
			isa = XCConfigurationList;
			buildConfigurations = (
				8E984D862D62CB7A002CEB1E /* Debug */,
				8E984D872D62CB7A002CEB1E /* Release */,
			);
			defaultConfigurationIsVisible = 0;
			defaultConfigurationName = Release;
		};
		8E984D882D62CB7A002CEB1E /* Build configuration list for PBXNativeTarget "wxUITests" */ = {
			isa = XCConfigurationList;
			buildConfigurations = (
				8E984D892D62CB7A002CEB1E /* Debug */,
				8E984D8A2D62CB7A002CEB1E /* Release */,
			);
			defaultConfigurationIsVisible = 0;
			defaultConfigurationName = Release;
		};
/* End XCConfigurationList section */
	};
	rootObject = 8E984D562D62CB79002CEB1E /* Project object */;
}
